{
  "name": "polibias",
  "version": "0.0.1",
  "lockfileVersion": 1,
  "requires": true,
  "dependencies": {
    "polibias": {
      "version": "0.0.1",
      "resolved": "https://registry.npmjs.org/polibias/-/polibias-0.0.1.tgz",
      "integrity": "sha512-Gwik+I5cVxKkPzB+Ms8S9Hh/cMfC4Hn80tGeN5HJHOL/trynnCMX8lbYlWlIJA3o9PFvGIwNnSunPI1Z3p74iQ=="
    }
  }
}
